// !$*UTF8*$!
{
	archiveVersion = 1;
	classes = {
	};
	objectVersion = 77;
	objects = {

/* Begin PBXBuildFile section */
		2D01175F3002DF8000A820F7 /* Assets.xcassets in Resources */ = {isa = PBXBuildFile; fileRef = 2D0117523002DF8000A820F7 /* Assets.xcassets */; };
		2D0117603002DF8000A820F7 /* GameReducer.swift in Sources */ = {isa = PBXBuildFile; fileRef = 2D0117553002DF8000A820F7 /* GameReducer.swift */; };
		2D0117613002DF8000A820F7 /* GameModel.swift in Sources */ = {isa = PBXBuildFile; fileRef = 2D0117543002DF8000A820F7 /* GameModel.swift */; };
		2D0117623002DF8000A820F7 /* ContentView.swift in Sources */ = {isa = PBXBuildFile; fileRef = 2D0117533002DF8000A820F7 /* ContentView.swift */; };
		2D0117663002DF9500A820F7 /* teraformingmars2App.swift in Sources */ = {isa = PBXBuildFile; fileRef = 2D0117633002DF9500A820F7 /* teraformingmars2App.swift */; };
/* End PBXBuildFile section */

/* Begin PBXContainerItemProxy section */
		146C72392DB1445800A58C80 /* PBXContainerItemProxy */ = {
			isa = PBXContainerItemProxy;
			containerPortal = 146C72232DB1445600A58C80 /* Project object */;
			proxyType = 1;
			remoteGlobalIDString = 146C722A2DB1445600A58C80;
			remoteInfo = teraformingmars2;
		};
		146C72432DB1445800A58C80 /* PBXContainerItemProxy */ = {
			isa = PBXContainerItemProxy;
			containerPortal = 146C72232DB1445600A58C80 /* Project object */;
			proxyType = 1;
			remoteGlobalIDString = 146C722A2DB1445600A58C80;
			remoteInfo = teraformingmars2;
		};
/* End PBXContainerItemProxy section */

/* Begin PBXFileReference section */
		146C722B2DB1445600A58C80 /* teraformingmars2.app */ = {isa = PBXFileReference; explicitFileType = wrapper.application; includeInIndex = 0; path = teraformingmars2.app; sourceTree = BUILT_PRODUCTS_DIR; };
		146C72382DB1445800A58C80 /* teraformingmars2Tests.xctest */ = {isa = PBXFileReference; explicitFileType = wrapper.cfbundle; includeInIndex = 0; path = teraformingmars2Tests.xctest; sourceTree = BUILT_PRODUCTS_DIR; };
		146C72422DB1445800A58C80 /* teraformingmars2UITests.xctest */ = {isa = PBXFileReference; explicitFileType = wrapper.cfbundle; includeInIndex = 0; path = teraformingmars2UITests.xctest; sourceTree = BUILT_PRODUCTS_DIR; };
		2D0117523002DF8000A820F7 /* Assets.xcassets */ = {isa = PBXFileReference; lastKnownFileType = folder.assetcatalog; path = Assets.xcassets; sourceTree = "<group>"; };
		2D0117533002DF8000A820F7 /* ContentView.swift */ = {isa = PBXFileReference; lastKnownFileType = sourcecode.swift; path = ContentView.swift; sourceTree = "<group>"; };
		2D0117543002DF8000A820F7 /* GameModel.swift */ = {isa = PBXFileReference; lastKnownFileType = sourcecode.swift; path = GameModel.swift; sourceTree = "<group>"; };
		2D0117553002DF8000A820F7 /* GameReducer.swift */ = {isa = PBXFileReference; lastKnownFileType = sourcecode.swift; path = GameReducer.swift; sourceTree = "<group>"; };
		2D0117633002DF9500A820F7 /* teraformingmars2App.swift */ = {isa = PBXFileReference; lastKnownFileType = sourcecode.swift; path = teraformingmars2App.swift; sourceTree = "<group>"; };
/* End PBXFileReference section */

/* Begin PBXFileSystemSynchronizedRootGroup section */
		146C723B2DB1445800A58C80 /* teraformingmars2Tests */ = {
			isa = PBXFileSystemSynchronizedRootGroup;
			path = teraformingmars2Tests;
			sourceTree = "<group>";
		};
		146C72452DB1445800A58C80 /* teraformingmars2UITests */ = {
			isa = PBXFileSystemSynchronizedRootGroup;
			path = teraformingmars2UITests;
			sourceTree = "<group>";
		};
/* End PBXFileSystemSynchronizedRootGroup section */

/* Begin PBXFrameworksBuildPhase section */
		146C72282DB1445600A58C80 /* Frameworks */ = {
			isa = PBXFrameworksBuildPhase;
			buildActionMask = 2147483647;
			files = (
			);
			runOnlyForDeploymentPostprocessing = 0;
		};
		146C72352DB1445800A58C80 /* Frameworks */ = {
			isa = PBXFrameworksBuildPhase;
			buildActionMask = 2147483647;
			files = (
			);
			runOnlyForDeploymentPostprocessing = 0;
		};
		146C723F2DB1445800A58C80 /* Frameworks */ = {
			isa = PBXFrameworksBuildPhase;
			buildActionMask = 2147483647;
			files = (
			);
			runOnlyForDeploymentPostprocessing = 0;
		};
/* End PBXFrameworksBuildPhase section */

/* Begin PBXGroup section */
		146C72222DB1445600A58C80 = {
			isa = PBXGroup;
			children = (
				2D0117523002DF8000A820F7 /* Assets.xcassets */,
				2D0117533002DF8000A820F7 /* ContentView.swift */,
				2D0117563002DF8000A820F7 /* Domain */,
				2D0117633002DF9500A820F7 /* teraformingmars2App.swift */,
				146C723B2DB1445800A58C80 /* teraformingmars2Tests */,
				146C72452DB1445800A58C80 /* teraformingmars2UITests */,
				146C722C2DB1445600A58C80 /* Products */,
			);
			sourceTree = "<group>";
		};
		146C722C2DB1445600A58C80 /* Products */ = {
			isa = PBXGroup;
			children = (
				146C722B2DB1445600A58C80 /* teraformingmars2.app */,
				146C72382DB1445800A58C80 /* teraformingmars2Tests.xctest */,
				146C72422DB1445800A58C80 /* teraformingmars2UITests.xctest */,
			);
			name = Products;
			sourceTree = "<group>";
		};
		2D0117563002DF8000A820F7 /* Domain */ = {
			isa = PBXGroup;
			children = (
				2D0117543002DF8000A820F7 /* GameModel.swift */,
				2D0117553002DF8000A820F7 /* GameReducer.swift */,
			);
			path = Domain;
			sourceTree = "<group>";
		};
/* End PBXGroup section */

/* Begin PBXNativeTarget section */
		146C722A2DB1445600A58C80 /* teraformingmars2 */ = {
			isa = PBXNativeTarget;
			buildConfigurationList = 146C724C2DB1445800A58C80 /* Build configuration list for PBXNativeTarget "teraformingmars2" */;
			buildPhases = (
				146C72272DB1445600A58C80 /* Sources */,
				146C72282DB1445600A58C80 /* Frameworks */,
				146C72292DB1445600A58C80 /* Resources */,
			);
			buildRules = (
			);
			dependencies = (
			);
			name = teraformingmars2;
			packageProductDependencies = (
			);
			productName = teraformingmars2;
			productReference = 146C722B2DB1445600A58C80 /* teraformingmars2.app */;
			productType = "com.apple.product-type.application";
		};
		146C72372DB1445800A58C80 /* teraformingmars2Tests */ = {
			isa = PBXNativeTarget;
			buildConfigurationList = 146C724F2DB1445800A58C80 /* Build configuration list for PBXNativeTarget "teraformingmars2Tests" */;
			buildPhases = (
				146C72342DB1445800A58C80 /* Sources */,
				146C72352DB1445800A58C80 /* Frameworks */,
				146C72362DB1445800A58C80 /* Resources */,
			);
			buildRules = (
			);
			dependencies = (
				146C723A2DB1445800A58C80 /* PBXTargetDependency */,
			);
			fileSystemSynchronizedGroups = (
				146C723B2DB1445800A58C80 /* teraformingmars2Tests */,
			);
			name = teraformingmars2Tests;
			packageProductDependencies = (
			);
			productName = teraformingmars2Tests;
			productReference = 146C72382DB1445800A58C80 /* teraformingmars2Tests.xctest */;
			productType = "com.apple.product-type.bundle.unit-test";
		};
		146C72412DB1445800A58C80 /* teraformingmars2UITests */ = {
			isa = PBXNativeTarget;
			buildConfigurationList = 146C72522DB1445800A58C80 /* Build configuration list for PBXNativeTarget "teraformingmars2UITests" */;
			buildPhases = (
				146C723E2DB1445800A58C80 /* Sources */,
				146C723F2DB1445800A58C80 /* Frameworks */,
				146C72402DB1445800A58C80 /* Resources */,
			);
			buildRules = (
			);
			dependencies = (
				146C72442DB1445800A58C80 /* PBXTargetDependency */,
			);
			fileSystemSynchronizedGroups = (
				146C72452DB1445800A58C80 /* teraformingmars2UITests */,
			);
			name = teraformingmars2UITests;
			packageProductDependencies = (
			);
			productName = teraformingmars2UITests;
			productReference = 146C72422DB1445800A58C80 /* teraformingmars2UITests.xctest */;
			productType = "com.apple.product-type.bundle.ui-testing";
		};
/* End PBXNativeTarget section */

/* Begin PBXProject section */
		146C72232DB1445600A58C80 /* Project object */ = {
			isa = PBXProject;
			attributes = {
				BuildIndependentTargetsInParallel = 1;
				LastSwiftUpdateCheck = 1630;
				LastUpgradeCheck = 1630;
				TargetAttributes = {
					146C722A2DB1445600A58C80 = {
						CreatedOnToolsVersion = 16.3;
					};
					146C72372DB1445800A58C80 = {
						CreatedOnToolsVersion = 16.3;
						TestTargetID = 146C722A2DB1445600A58C80;
					};
					146C72412DB1445800A58C80 = {
						CreatedOnToolsVersion = 16.3;
						TestTargetID = 146C722A2DB1445600A58C80;
					};
				};
			};
			buildConfigurationList = 146C72262DB1445600A58C80 /* Build configuration list for PBXProject "teraformingmars2" */;
			developmentRegion = en;
			hasScannedForEncodings = 0;
			knownRegions = (
				en,
				Base,
			);
			mainGroup = 146C72222DB1445600A58C80;
			minimizedProjectReferenceProxies = 1;
			preferredProjectObjectVersion = 77;
			productRefGroup = 146C722C2DB1445600A58C80 /* Products */;
			projectDirPath = "";
			projectRoot = "";
			targets = (
				146C722A2DB1445600A58C80 /* teraformingmars2 */,
				146C72372DB1445800A58C80 /* teraformingmars2Tests */,
				146C72412DB1445800A58C80 /* teraformingmars2UITests */,
			);
		};
/* End PBXProject section */

/* Begin PBXResourcesBuildPhase section */
		146C72292DB1445600A58C80 /* Resources */ = {
			isa = PBXResourcesBuildPhase;
			buildActionMask = 2147483647;
			files = (
				2D01175F3002DF8000A820F7 /* Assets.xcassets in Resources */,
			);
			runOnlyForDeploymentPostprocessing = 0;
		};
		146C72362DB1445800A58C80 /* Resources */ = {
			isa = PBXResourcesBuildPhase;
			buildActionMask = 2147483647;
			files = (
			);
			runOnlyForDeploymentPostprocessing = 0;
		};
		146C72402DB1445800A58C80 /* Resources */ = {
			isa = PBXResourcesBuildPhase;
			buildActionMask = 2147483647;
			files = (
			);
			runOnlyForDeploymentPostprocessing = 0;
		};
/* End PBXResourcesBuildPhase section */

/* Begin PBXSourcesBuildPhase section */
		146C72272DB1445600A58C80 /* Sources */ = {
			isa = PBXSourcesBuildPhase;
			buildActionMask = 2147483647;
			files = (
				2D0117663002DF9500A820F7 /* teraformingmars2App.swift in Sources */,
				2D0117603002DF8000A820F7 /* GameReducer.swift in Sources */,
				2D0117613002DF8000A820F7 /* GameModel.swift in Sources */,
				2D0117623002DF8000A820F7 /* ContentView.swift in Sources */,
			);
			runOnlyForDeploymentPostprocessing = 0;
		};
		146C72342DB1445800A58C80 /* Sources */ = {
			isa = PBXSourcesBuildPhase;
			buildActionMask = 2147483647;
			files = (
			);
			runOnlyForDeploymentPostprocessing = 0;
		};
		146C723E2DB1445800A58C80 /* Sources */ = {
			isa = PBXSourcesBuildPhase;
			buildActionMask = 2147483647;
			files = (
			);
			runOnlyForDeploymentPostprocessing = 0;
		};
/* End PBXSourcesBuildPhase section */

/* Begin PBXTargetDependency section */
		146C723A2DB1445800A58C80 /* PBXTargetDependency */ = {
			isa = PBXTargetDependency;
			target = 146C722A2DB1445600A58C80 /* teraformingmars2 */;
			targetProxy = 146C72392DB1445800A58C80 /* PBXContainerItemProxy */;
		};
		146C72442DB1445800A58C80 /* PBXTargetDependency */ = {
			isa = PBXTargetDependency;
			target = 146C722A2DB1445600A58C80 /* teraformingmars2 */;
			targetProxy = 146C72432DB1445800A58C80 /* PBXContainerItemProxy */;
		};
/* End PBXTargetDependency section */

/* Begin XCBuildConfiguration section */
		146C724A2DB1445800A58C80 /* Debug */ = {
			isa = XCBuildConfiguration;
			buildSettings = {
				ALWAYS_SEARCH_USER_PATHS = NO;
				ASSETCATALOG_COMPILER_GENERATE_SWIFT_ASSET_SYMBOL_EXTENSIONS = YES;
				CLANG_ANALYZER_NONNULL = YES;
				CLANG_ANALYZER_NUMBER_OBJECT_CONVERSION = YES_AGGRESSIVE;
				CLANG_CXX_LANGUAGE_STANDARD = "gnu++20";
				CLANG_ENABLE_MODULES = YES;
				CLANG_ENABLE_OBJC_ARC = YES;
				CLANG_ENABLE_OBJC_WEAK = YES;
				CLANG_WARN_BLOCK_CAPTURE_AUTORELEASING = YES;
				CLANG_WARN_BOOL_CONVERSION = YES;
				CLANG_WARN_COMMA = YES;
				CLANG_WARN_CONSTANT_CONVERSION = YES;
				CLANG_WARN_DEPRECATED_OBJC_IMPLEMENTATIONS = YES;
				CLANG_WARN_DIRECT_OBJC_ISA_USAGE = YES_ERROR;
				CLANG_WARN_DOCUMENTATION_COMMENTS = YES;
				CLANG_WARN_EMPTY_BODY = YES;
				CLANG_WARN_ENUM_CONVERSION = YES;
				CLANG_WARN_INFINITE_RECURSION = YES;
				CLANG_WARN_INT_CONVERSION = YES;
				CLANG_WARN_NON_LITERAL_NULL_CONVERSION = YES;
				CLANG_WARN_OBJC_IMPLICIT_RETAIN_SELF = YES;
				CLANG_WARN_OBJC_LITERAL_CONVERSION = YES;
				CLANG_WARN_OBJC_ROOT_CLASS = YES_ERROR;
				CLANG_WARN_QUOTED_INCLUDE_IN_FRAMEWORK_HEADER = YES;
				CLANG_WARN_RANGE_LOOP_ANALYSIS = YES;
				CLANG_WARN_STRICT_PROTOTYPES = YES;
				CLANG_WARN_SUSPICIOUS_MOVE = YES;
				CLANG_WARN_UNGUARDED_AVAILABILITY = YES_AGGRESSIVE;
				CLANG_WARN_UNREACHABLE_CODE = YES;
				CLANG_WARN__DUPLICATE_METHOD_MATCH = YES;
				COPY_PHASE_STRIP = NO;
				DEBUG_INFORMATION_FORMAT = dwarf;
				ENABLE_STRICT_OBJC_MSGSEND = YES;
				ENABLE_TESTABILITY = YES;
				ENABLE_USER_SCRIPT_SANDBOXING = YES;
				GCC_C_LANGUAGE_STANDARD = gnu17;
				GCC_DYNAMIC_NO_PIC = NO;
				GCC_NO_COMMON_BLOCKS = YES;
				GCC_OPTIMIZATION_LEVEL = 0;
				GCC_PREPROCESSOR_DEFINITIONS = (
					"DEBUG=1",
					"$(inherited)",
				);
				GCC_WARN_64_TO_32_BIT_CONVERSION = YES;
				GCC_WARN_ABOUT_RETURN_TYPE = YES_ERROR;
				GCC_WARN_UNDECLARED_SELECTOR = YES;
				GCC_WARN_UNINITIALIZED_AUTOS = YES_AGGRESSIVE;
				GCC_WARN_UNUSED_FUNCTION = YES;
				GCC_WARN_UNUSED_VARIABLE = YES;
				IPHONEOS_DEPLOYMENT_TARGET = 17.0;
				LOCALIZATION_PREFERS_STRING_CATALOGS = YES;
				MTL_ENABLE_DEBUG_INFO = INCLUDE_SOURCE;
				MTL_FAST_MATH = YES;
				ONLY_ACTIVE_ARCH = YES;
				SDKROOT = iphoneos;
				SWIFT_ACTIVE_COMPILATION_CONDITIONS = "DEBUG $(inherited)";
				SWIFT_OPTIMIZATION_LEVEL = "-Onone";
			};
			name = Debug;
		};
		146C724B2DB1445800A58C80 /* Release */ = {
			isa = XCBuildConfiguration;
			buildSettings = {
				ALWAYS_SEARCH_USER_PATHS = NO;
				ASSETCATALOG_COMPILER_GENERATE_SWIFT_ASSET_SYMBOL_EXTENSIONS = YES;
				CLANG_ANALYZER_NONNULL = YES;
				CLANG_ANALYZER_NUMBER_OBJECT_CONVERSION = YES_AGGRESSIVE;
				CLANG_CXX_LANGUAGE_STANDARD = "gnu++20";
				CLANG_ENABLE_MODULES = YES;
				CLANG_ENABLE_OBJC_ARC = YES;
				CLANG_ENABLE_OBJC_WEAK = YES;
				CLANG_WARN_BLOCK_CAPTURE_AUTORELEASING = YES;
				CLANG_WARN_BOOL_CONVERSION = YES;
				CLANG_WARN_COMMA = YES;
				CLANG_WARN_CONSTANT_CONVERSION = YES;
				CLANG_WARN_DEPRECATED_OBJC_IMPLEMENTATIONS = YES;
				CLANG_WARN_DIRECT_OBJC_ISA_USAGE = YES_ERROR;
				CLANG_WARN_DOCUMENTATION_COMMENTS = YES;
				CLANG_WARN_EMPTY_BODY = YES;
				CLANG_WARN_ENUM_CONVERSION = YES;
				CLANG_WARN_INFINITE_RECURSION = YES;
				CLANG_WARN_INT_CONVERSION = YES;
				CLANG_WARN_NON_LITERAL_NULL_CONVERSION = YES;
				CLANG_WARN_OBJC_IMPLICIT_RETAIN_SELF = YES;
				CLANG_WARN_OBJC_LITERAL_CONVERSION = YES;
				CLANG_WARN_OBJC_ROOT_CLASS = YES_ERROR;
				CLANG_WARN_QUOTED_INCLUDE_IN_FRAMEWORK_HEADER = YES;
				CLANG_WARN_RANGE_LOOP_ANALYSIS = YES;
				CLANG_WARN_STRICT_PROTOTYPES = YES;
				CLANG_WARN_SUSPICIOUS_MOVE = YES;
				CLANG_WARN_UNGUARDED_AVAILABILITY = YES_AGGRESSIVE;
				CLANG_WARN_UNREACHABLE_CODE = YES;
				CLANG_WARN__DUPLICATE_METHOD_MATCH = YES;
				COPY_PHASE_STRIP = NO;
				DEBUG_INFORMATION_FORMAT = "dwarf-with-dsym";
				ENABLE_NS_ASSERTIONS = NO;
				ENABLE_STRICT_OBJC_MSGSEND = YES;
				ENABLE_USER_SCRIPT_SANDBOXING = YES;
				GCC_C_LANGUAGE_STANDARD = gnu17;
				GCC_NO_COMMON_BLOCKS = YES;
				GCC_WARN_64_TO_32_BIT_CONVERSION = YES;
				GCC_WARN_ABOUT_RETURN_TYPE = YES_ERROR;
				GCC_WARN_UNDECLARED_SELECTOR = YES;
				GCC_WARN_UNINITIALIZED_AUTOS = YES_AGGRESSIVE;
				GCC_WARN_UNUSED_FUNCTION = YES;
				GCC_WARN_UNUSED_VARIABLE = YES;
				IPHONEOS_DEPLOYMENT_TARGET = 17.0;
				LOCALIZATION_PREFERS_STRING_CATALOGS = YES;
				MTL_ENABLE_DEBUG_INFO = NO;
				MTL_FAST_MATH = YES;
				SDKROOT = iphoneos;
				SWIFT_COMPILATION_MODE = wholemodule;
				VALIDATE_PRODUCT = YES;
			};
			name = Release;
		};
		146C724D2DB1445800A58C80 /* Debug */ = {
			isa = XCBuildConfiguration;
			buildSettings = {
				ASSETCATALOG_COMPILER_APPICON_NAME = AppIcon;
				ASSETCATALOG_COMPILER_GLOBAL_ACCENT_COLOR_NAME = AccentColor;
				CODE_SIGN_STYLE = Automatic;
				CURRENT_PROJECT_VERSION = 1;
				DEVELOPMENT_TEAM = XK5LT394GN;
				ENABLE_PREVIEWS = YES;
				GENERATE_INFOPLIST_FILE = YES;
				INFOPLIST_KEY_NSLocalNetworkUsageDescription = "同じネットワーク上のローカルゲームサーバーに接続します。";
				INFOPLIST_KEY_NSAppTransportSecurity_NSAllowsArbitraryLoads = YES;
				INFOPLIST_KEY_UIApplicationSceneManifest_Generation = YES;
				INFOPLIST_KEY_UIApplicationSupportsIndirectInputEvents = YES;
				INFOPLIST_KEY_UILaunchScreen_Generation = YES;
				INFOPLIST_KEY_UIStatusBarStyle = "";
				INFOPLIST_KEY_UISupportedInterfaceOrientations_iPad = "UIInterfaceOrientationPortrait UIInterfaceOrientationPortraitUpsideDown UIInterfaceOrientationLandscapeLeft UIInterfaceOrientationLandscapeRight";
				INFOPLIST_KEY_UISupportedInterfaceOrientations_iPhone = "UIInterfaceOrientationPortrait UIInterfaceOrientationLandscapeLeft UIInterfaceOrientationLandscapeRight";
				IPHONEOS_DEPLOYMENT_TARGET = 17.0;
				LD_RUNPATH_SEARCH_PATHS = (
					"$(inherited)",
					"@executable_path/Frameworks",
				);
				MARKETING_VERSION = 1.0;
				PRODUCT_BUNDLE_IDENTIFIER = hoshino.teraformingmars2;
				PRODUCT_NAME = "$(TARGET_NAME)";
				SWIFT_EMIT_LOC_STRINGS = YES;
				SWIFT_VERSION = 5.0;
				TARGETED_DEVICE_FAMILY = "1,2";
			};
			name = Debug;
		};
		146C724E2DB1445800A58C80 /* Release */ = {
			isa = XCBuildConfiguration;
			buildSettings = {
				ASSETCATALOG_COMPILER_APPICON_NAME = AppIcon;
				ASSETCATALOG_COMPILER_GLOBAL_ACCENT_COLOR_NAME = AccentColor;
				CODE_SIGN_STYLE = Automatic;
				CURRENT_PROJECT_VERSION = 1;
				DEVELOPMENT_TEAM = XK5LT394GN;
				ENABLE_PREVIEWS = YES;
				GENERATE_INFOPLIST_FILE = YES;
				INFOPLIST_KEY_NSLocalNetworkUsageDescription = "同じネットワーク上のローカルゲームサーバーに接続します。";
				INFOPLIST_KEY_NSAppTransportSecurity_NSAllowsArbitraryLoads = YES;
				INFOPLIST_KEY_UIApplicationSceneManifest_Generation = YES;
				INFOPLIST_KEY_UIApplicationSupportsIndirectInputEvents = YES;
				INFOPLIST_KEY_UILaunchScreen_Generation = YES;
				INFOPLIST_KEY_UIStatusBarStyle = "";
				INFOPLIST_KEY_UISupportedInterfaceOrientations_iPad = "UIInterfaceOrientationPortrait UIInterfaceOrientationPortraitUpsideDown UIInterfaceOrientationLandscapeLeft UIInterfaceOrientationLandscapeRight";
				INFOPLIST_KEY_UISupportedInterfaceOrientations_iPhone = "UIInterfaceOrientationPortrait UIInterfaceOrientationLandscapeLeft UIInterfaceOrientationLandscapeRight";
				IPHONEOS_DEPLOYMENT_TARGET = 17.0;
				LD_RUNPATH_SEARCH_PATHS = (
					"$(inherited)",
					"@executable_path/Frameworks",
				);
				MARKETING_VERSION = 1.0;
				PRODUCT_BUNDLE_IDENTIFIER = hoshino.teraformingmars2;
				PRODUCT_NAME = "$(TARGET_NAME)";
				SWIFT_EMIT_LOC_STRINGS = YES;
				SWIFT_VERSION = 5.0;
				TARGETED_DEVICE_FAMILY = "1,2";
			};
			name = Release;
		};
		146C72502DB1445800A58C80 /* Debug */ = {
			isa = XCBuildConfiguration;
			buildSettings = {
				BUNDLE_LOADER = "$(TEST_HOST)";
				CODE_SIGN_STYLE = Automatic;
				CURRENT_PROJECT_VERSION = 1;
				DEVELOPMENT_TEAM = XK5LT394GN;
				GENERATE_INFOPLIST_FILE = YES;
				IPHONEOS_DEPLOYMENT_TARGET = 17.0;
				MARKETING_VERSION = 1.0;
				PRODUCT_BUNDLE_IDENTIFIER = hoshino.teraformingmars2Tests;
				PRODUCT_NAME = "$(TARGET_NAME)";
				SWIFT_EMIT_LOC_STRINGS = NO;
				SWIFT_VERSION = 5.0;
				TARGETED_DEVICE_FAMILY = "1,2";
				TEST_HOST = "$(BUILT_PRODUCTS_DIR)/teraformingmars2.app/$(BUNDLE_EXECUTABLE_FOLDER_PATH)/teraformingmars2";
			};
			name = Debug;
		};
		146C72512DB1445800A58C80 /* Release */ = {
			isa = XCBuildConfiguration;
			buildSettings = {
				BUNDLE_LOADER = "$(TEST_HOST)";
				CODE_SIGN_STYLE = Automatic;
				CURRENT_PROJECT_VERSION = 1;
				DEVELOPMENT_TEAM = XK5LT394GN;
				GENERATE_INFOPLIST_FILE = YES;
				IPHONEOS_DEPLOYMENT_TARGET = 17.0;
				MARKETING_VERSION = 1.0;
				PRODUCT_BUNDLE_IDENTIFIER = hoshino.teraformingmars2Tests;
				PRODUCT_NAME = "$(TARGET_NAME)";
				SWIFT_EMIT_LOC_STRINGS = NO;
				SWIFT_VERSION = 5.0;
				TARGETED_DEVICE_FAMILY = "1,2";
				TEST_HOST = "$(BUILT_PRODUCTS_DIR)/teraformingmars2.app/$(BUNDLE_EXECUTABLE_FOLDER_PATH)/teraformingmars2";
			};
			name = Release;
		};
		146C72532DB1445800A58C80 /* Debug */ = {
			isa = XCBuildConfiguration;
			buildSettings = {
				CODE_SIGN_STYLE = Automatic;
				CURRENT_PROJECT_VERSION = 1;
				DEVELOPMENT_TEAM = XK5LT394GN;
				GENERATE_INFOPLIST_FILE = YES;
				IPHONEOS_DEPLOYMENT_TARGET = 17.0;
				MARKETING_VERSION = 1.0;
				PRODUCT_BUNDLE_IDENTIFIER = hoshino.teraformingmars2UITests;
				PRODUCT_NAME = "$(TARGET_NAME)";
				SWIFT_EMIT_LOC_STRINGS = NO;
				SWIFT_VERSION = 5.0;
				TARGETED_DEVICE_FAMILY = "1,2";
				TEST_TARGET_NAME = teraformingmars2;
			};
			name = Debug;
		};
		146C72542DB1445800A58C80 /* Release */ = {
			isa = XCBuildConfiguration;
			buildSettings = {
				CODE_SIGN_STYLE = Automatic;
				CURRENT_PROJECT_VERSION = 1;
				DEVELOPMENT_TEAM = XK5LT394GN;
				GENERATE_INFOPLIST_FILE = YES;
				IPHONEOS_DEPLOYMENT_TARGET = 17.0;
				MARKETING_VERSION = 1.0;
				PRODUCT_BUNDLE_IDENTIFIER = hoshino.teraformingmars2UITests;
				PRODUCT_NAME = "$(TARGET_NAME)";
				SWIFT_EMIT_LOC_STRINGS = NO;
				SWIFT_VERSION = 5.0;
				TARGETED_DEVICE_FAMILY = "1,2";
				TEST_TARGET_NAME = teraformingmars2;
			};
			name = Release;
		};
/* End XCBuildConfiguration section */

/* Begin XCConfigurationList section */
		146C72262DB1445600A58C80 /* Build configuration list for PBXProject "teraformingmars2" */ = {
			isa = XCConfigurationList;
			buildConfigurations = (
				146C724A2DB1445800A58C80 /* Debug */,
				146C724B2DB1445800A58C80 /* Release */,
			);
			defaultConfigurationIsVisible = 0;
			defaultConfigurationName = Release;
		};
		146C724C2DB1445800A58C80 /* Build configuration list for PBXNativeTarget "teraformingmars2" */ = {
			isa = XCConfigurationList;
			buildConfigurations = (
				146C724D2DB1445800A58C80 /* Debug */,
				146C724E2DB1445800A58C80 /* Release */,
			);
			defaultConfigurationIsVisible = 0;
			defaultConfigurationName = Release;
		};
		146C724F2DB1445800A58C80 /* Build configuration list for PBXNativeTarget "teraformingmars2Tests" */ = {
			isa = XCConfigurationList;
			buildConfigurations = (
				146C72502DB1445800A58C80 /* Debug */,
				146C72512DB1445800A58C80 /* Release */,
			);
			defaultConfigurationIsVisible = 0;
			defaultConfigurationName = Release;
		};
		146C72522DB1445800A58C80 /* Build configuration list for PBXNativeTarget "teraformingmars2UITests" */ = {
			isa = XCConfigurationList;
			buildConfigurations = (
				146C72532DB1445800A58C80 /* Debug */,
				146C72542DB1445800A58C80 /* Release */,
			);
			defaultConfigurationIsVisible = 0;
			defaultConfigurationName = Release;
		};
/* End XCConfigurationList section */
	};
	rootObject = 146C72232DB1445600A58C80 /* Project object */;
}
